
Microsoft Visual Studio Solution File, Format Version 12.00
# Visual Studio Version 17
VisualStudioVersion = 17.14.36603.0 d17.14
MinimumVisualStudioVersion = 10.0.40219.1
Project("{FAE04EC0-301F-11D3-BF4B-00C04F79EFBC}") = "BackEnd", "BackEnd\BackEnd.csproj", "{2C34CBB8-4DF6-4B6F-BF99-F680F64E543C}"
EndProject
Global
	GlobalSection(SolutionConfigurationPlatforms) = preSolution
		Debug|Any CPU = Debug|Any CPU
		Release|Any CPU = Release|Any CPU
	EndGlobalSection
	GlobalSection(ProjectConfigurationPlatforms) = postSolution
		{2C34CBB8-4DF6-4B6F-BF99-F680F64E543C}.Debug|Any CPU.ActiveCfg = Debug|Any CPU
		{2C34CBB8-4DF6-4B6F-BF99-F680F64E543C}.Debug|Any CPU.Build.0 = Debug|Any CPU
		{2C34CBB8-4DF6-4B6F-BF99-F680F64E543C}.Release|Any CPU.ActiveCfg = Release|Any CPU
		{2C34CBB8-4DF6-4B6F-BF99-F680F64E543C}.Release|Any CPU.Build.0 = Release|Any CPU
	EndGlobalSection
	GlobalSection(SolutionProperties) = preSolution
		HideSolutionNode = FALSE
	EndGlobalSection
	GlobalSection(ExtensibilityGlobals) = postSolution
		SolutionGuid = {DCA6638C-6AA2-451F-B339-E3A86E6F47AD}
	EndGlobalSection
EndGlobal
